
Microsoft Visual Studio Solution File, Format Version 12.00
# Visual Studio Version 17
VisualStudioVersion = 17.9.34723.18
MinimumVisualStudioVersion = 10.0.40219.1
Project("{9A19103F-16F7-4668-BE54-9A1E7A4F7556}") = "PvPGameServer", "PvPGameServer.csproj", "{77C75D40-F7C8-40BA-94B2-653E7F9A1FD1}"
EndProject
Project("{9A19103F-16F7-4668-BE54-9A1E7A4F7556}") = "Common", "..\Common\Common.csproj", "{C8A08C3D-D085-4614-89E5-EAE04DE8D08F}"
EndProject
Global
	GlobalSection(SolutionConfigurationPlatforms) = preSolution
		Debug|Any CPU = Debug|Any CPU
		Release|Any CPU = Release|Any CPU
	EndGlobalSection
	GlobalSection(ProjectConfigurationPlatforms) = postSolution
		{77C75D40-F7C8-40BA-94B2-653E7F9A1FD1}.Debug|Any CPU.ActiveCfg = Debug|Any CPU
		{77C75D40-F7C8-40BA-94B2-653E7F9A1FD1}.Debug|Any CPU.Build.0 = Debug|Any CPU
		{77C75D40-F7C8-40BA-94B2-653E7F9A1FD1}.Release|Any CPU.ActiveCfg = Release|Any CPU
		{77C75D40-F7C8-40BA-94B2-653E7F9A1FD1}.Release|Any CPU.Build.0 = Release|Any CPU
		{C8A08C3D-D085-4614-89E5-EAE04DE8D08F}.Debug|Any CPU.ActiveCfg = Debug|Any CPU
		{C8A08C3D-D085-4614-89E5-EAE04DE8D08F}.Debug|Any CPU.Build.0 = Debug|Any CPU
		{C8A08C3D-D085-4614-89E5-EAE04DE8D08F}.Release|Any CPU.ActiveCfg = Release|Any CPU
		{C8A08C3D-D085-4614-89E5-EAE04DE8D08F}.Release|Any CPU.Build.0 = Release|Any CPU
	EndGlobalSection
	GlobalSection(SolutionProperties) = preSolution
		HideSolutionNode = FALSE
	EndGlobalSection
	GlobalSection(ExtensibilityGlobals) = postSolution
		SolutionGuid = {7AD0150E-E065-406F-B924-927BD5034BB6}
	EndGlobalSection
EndGlobal
