
Microsoft Visual Studio Solution File, Format Version 12.00
# Visual Studio Version 17
VisualStudioVersion = 17.9.34723.18
MinimumVisualStudioVersion = 10.0.40219.1
Project("{9A19103F-16F7-4668-BE54-9A1E7A4F7556}") = "HiveServer", "HiveServer.csproj", "{1C501F0A-5E86-4F39-80C5-4473E34CA8C3}"
EndProject
Project("{2150E333-8FDC-42A3-9474-1A3956D46DE8}") = "솔루션 항목", "솔루션 항목", "{ACDDBF6A-3F72-4588-9658-A75DCE70704D}"
EndProject
Global
	GlobalSection(SolutionConfigurationPlatforms) = preSolution
		Debug|Any CPU = Debug|Any CPU
		Release|Any CPU = Release|Any CPU
	EndGlobalSection
	GlobalSection(ProjectConfigurationPlatforms) = postSolution
		{1C501F0A-5E86-4F39-80C5-4473E34CA8C3}.Debug|Any CPU.ActiveCfg = Debug|Any CPU
		{1C501F0A-5E86-4F39-80C5-4473E34CA8C3}.Debug|Any CPU.Build.0 = Debug|Any CPU
		{1C501F0A-5E86-4F39-80C5-4473E34CA8C3}.Release|Any CPU.ActiveCfg = Release|Any CPU
		{1C501F0A-5E86-4F39-80C5-4473E34CA8C3}.Release|Any CPU.Build.0 = Release|Any CPU
	EndGlobalSection
	GlobalSection(SolutionProperties) = preSolution
		HideSolutionNode = FALSE
	EndGlobalSection
	GlobalSection(ExtensibilityGlobals) = postSolution
		SolutionGuid = {27FFC962-B492-47D9-8A6C-0BFA5765CE0C}
	EndGlobalSection
EndGlobal
